
Microsoft Visual Studio Solution File, Format Version 12.00
# Visual Studio Version 16
VisualStudioVersion = 16.0.31205.134
MinimumVisualStudioVersion = 10.0.40219.1
Project("{2150E333-8FDC-42A3-9474-1A3956D46DE8}") = "CH2", "CH2", "{CC361F25-9F92-4315-8D32-294FB459E3A1}"
EndProject
Project("{FAE04EC0-301F-11D3-BF4B-00C04F79EFBC}") = "LogAn", "LogAn\LogAn.csproj", "{0F4FBC62-28D1-4630-9A14-33BE19E46948}"
EndProject
Project("{FAE04EC0-301F-11D3-BF4B-00C04F79EFBC}") = "LogAn.Tests", "LogAn.Tests\LogAn.Tests.csproj", "{4ADEA665-12A0-476D-AEAC-C0335BCD9245}"
EndProject
Project("{2150E333-8FDC-42A3-9474-1A3956D46DE8}") = "CH3", "CH3", "{91596485-FA90-4145-8BA3-35C2CBDCB4BA}"
EndProject
Project("{FAE04EC0-301F-11D3-BF4B-00C04F79EFBC}") = "CH3.LogAn", "CH3.LogAn\CH3.LogAn.csproj", "{0EBED22E-9744-48DC-A01B-970D4D9EB459}"
EndProject
Project("{FAE04EC0-301F-11D3-BF4B-00C04F79EFBC}") = "CH3.LogAn.Tests", "CH3.LogAn.Tests\CH3.LogAn.Tests.csproj", "{2256E62E-E87E-41D0-B436-202CAD884F9A}"
EndProject
Global
	GlobalSection(SolutionConfigurationPlatforms) = preSolution
		Debug|Any CPU = Debug|Any CPU
		Release|Any CPU = Release|Any CPU
	EndGlobalSection
	GlobalSection(ProjectConfigurationPlatforms) = postSolution
		{0F4FBC62-28D1-4630-9A14-33BE19E46948}.Debug|Any CPU.ActiveCfg = Debug|Any CPU
		{0F4FBC62-28D1-4630-9A14-33BE19E46948}.Debug|Any CPU.Build.0 = Debug|Any CPU
		{0F4FBC62-28D1-4630-9A14-33BE19E46948}.Release|Any CPU.ActiveCfg = Release|Any CPU
		{0F4FBC62-28D1-4630-9A14-33BE19E46948}.Release|Any CPU.Build.0 = Release|Any CPU
		{4ADEA665-12A0-476D-AEAC-C0335BCD9245}.Debug|Any CPU.ActiveCfg = Debug|Any CPU
		{4ADEA665-12A0-476D-AEAC-C0335BCD9245}.Debug|Any CPU.Build.0 = Debug|Any CPU
		{4ADEA665-12A0-476D-AEAC-C0335BCD9245}.Release|Any CPU.ActiveCfg = Release|Any CPU
		{4ADEA665-12A0-476D-AEAC-C0335BCD9245}.Release|Any CPU.Build.0 = Release|Any CPU
		{0EBED22E-9744-48DC-A01B-970D4D9EB459}.Debug|Any CPU.ActiveCfg = Debug|Any CPU
		{0EBED22E-9744-48DC-A01B-970D4D9EB459}.Debug|Any CPU.Build.0 = Debug|Any CPU
		{0EBED22E-9744-48DC-A01B-970D4D9EB459}.Release|Any CPU.ActiveCfg = Release|Any CPU
		{0EBED22E-9744-48DC-A01B-970D4D9EB459}.Release|Any CPU.Build.0 = Release|Any CPU
		{2256E62E-E87E-41D0-B436-202CAD884F9A}.Debug|Any CPU.ActiveCfg = Debug|Any CPU
		{2256E62E-E87E-41D0-B436-202CAD884F9A}.Debug|Any CPU.Build.0 = Debug|Any CPU
		{2256E62E-E87E-41D0-B436-202CAD884F9A}.Release|Any CPU.ActiveCfg = Release|Any CPU
		{2256E62E-E87E-41D0-B436-202CAD884F9A}.Release|Any CPU.Build.0 = Release|Any CPU
	EndGlobalSection
	GlobalSection(SolutionProperties) = preSolution
		HideSolutionNode = FALSE
	EndGlobalSection
	GlobalSection(NestedProjects) = preSolution
		{0F4FBC62-28D1-4630-9A14-33BE19E46948} = {CC361F25-9F92-4315-8D32-294FB459E3A1}
		{4ADEA665-12A0-476D-AEAC-C0335BCD9245} = {CC361F25-9F92-4315-8D32-294FB459E3A1}
		{0EBED22E-9744-48DC-A01B-970D4D9EB459} = {91596485-FA90-4145-8BA3-35C2CBDCB4BA}
		{2256E62E-E87E-41D0-B436-202CAD884F9A} = {91596485-FA90-4145-8BA3-35C2CBDCB4BA}
	EndGlobalSection
	GlobalSection(ExtensibilityGlobals) = postSolution
		SolutionGuid = {1AAE269F-CA56-4027-944B-E207631113C4}
	EndGlobalSection
EndGlobal
